
Microsoft Visual Studio Solution File, Format Version 12.00
# Visual Studio 14
VisualStudioVersion = 14.0.23107.0
MinimumVisualStudioVersion = 10.0.40219.1
Project("{FAE04EC0-301F-11D3-BF4B-00C04F79EFBC}") = "Countries.Droid", "Countries\Countries.Droid\Countries.Droid.csproj", "{2D9D692E-8EA0-4120-8DFC-7F1185E74DBF}"
EndProject
Project("{FAE04EC0-301F-11D3-BF4B-00C04F79EFBC}") = "Countries.iOS", "Countries\Countries.iOS\Countries.iOS.csproj", "{D63190B6-8916-4320-AE09-858151B4AB67}"
EndProject
Project("{FAE04EC0-301F-11D3-BF4B-00C04F79EFBC}") = "Countries.WinPhone", "Countries\Countries.WinPhone\Countries.WinPhone.csproj", "{2F55EA1C-3104-4EE2-AC8F-1F7EFF840579}"
EndProject
Project("{FAE04EC0-301F-11D3-BF4B-00C04F79EFBC}") = "Countries", "Countries\Countries\Countries.csproj", "{81EB426D-A26E-41F5-91F6-F0108D37ED26}"
EndProject
Project("{2150E333-8FDC-42A3-9474-1A3956D46DE8}") = "Targets", "Targets", "{055A9D8A-C483-4030-AA0E-6727D3BFB429}"
EndProject
Global
	GlobalSection(SolutionConfigurationPlatforms) = preSolution
		Ad-Hoc|Any CPU = Ad-Hoc|Any CPU
		Ad-Hoc|ARM = Ad-Hoc|ARM
		Ad-Hoc|iPhone = Ad-Hoc|iPhone
		Ad-Hoc|iPhoneSimulator = Ad-Hoc|iPhoneSimulator
		Ad-Hoc|x86 = Ad-Hoc|x86
		AppStore|Any CPU = AppStore|Any CPU
		AppStore|ARM = AppStore|ARM
		AppStore|iPhone = AppStore|iPhone
		AppStore|iPhoneSimulator = AppStore|iPhoneSimulator
		AppStore|x86 = AppStore|x86
		Debug|Any CPU = Debug|Any CPU
		Debug|ARM = Debug|ARM
		Debug|iPhone = Debug|iPhone
		Debug|iPhoneSimulator = Debug|iPhoneSimulator
		Debug|x86 = Debug|x86
		Release|Any CPU = Release|Any CPU
		Release|ARM = Release|ARM
		Release|iPhone = Release|iPhone
		Release|iPhoneSimulator = Release|iPhoneSimulator
		Release|x86 = Release|x86
	EndGlobalSection
	GlobalSection(ProjectConfigurationPlatforms) = postSolution
		{2D9D692E-8EA0-4120-8DFC-7F1185E74DBF}.Ad-Hoc|Any CPU.ActiveCfg = Release|Any CPU
		{2D9D692E-8EA0-4120-8DFC-7F1185E74DBF}.Ad-Hoc|Any CPU.Build.0 = Release|Any CPU
		{2D9D692E-8EA0-4120-8DFC-7F1185E74DBF}.Ad-Hoc|Any CPU.Deploy.0 = Release|Any CPU
		{2D9D692E-8EA0-4120-8DFC-7F1185E74DBF}.Ad-Hoc|ARM.ActiveCfg = Release|Any CPU
		{2D9D692E-8EA0-4120-8DFC-7F1185E74DBF}.Ad-Hoc|ARM.Build.0 = Release|Any CPU
		{2D9D692E-8EA0-4120-8DFC-7F1185E74DBF}.Ad-Hoc|ARM.Deploy.0 = Release|Any CPU
		{2D9D692E-8EA0-4120-8DFC-7F1185E74DBF}.Ad-Hoc|iPhone.ActiveCfg = Release|Any CPU
		{2D9D692E-8EA0-4120-8DFC-7F1185E74DBF}.Ad-Hoc|iPhone.Build.0 = Release|Any CPU
		{2D9D692E-8EA0-4120-8DFC-7F1185E74DBF}.Ad-Hoc|iPhone.Deploy.0 = Release|Any CPU
		{2D9D692E-8EA0-4120-8DFC-7F1185E74DBF}.Ad-Hoc|iPhoneSimulator.ActiveCfg = Release|Any CPU
		{2D9D692E-8EA0-4120-8DFC-7F1185E74DBF}.Ad-Hoc|iPhoneSimulator.Build.0 = Release|Any CPU
		{2D9D692E-8EA0-4120-8DFC-7F1185E74DBF}.Ad-Hoc|iPhoneSimulator.Deploy.0 = Release|Any CPU
		{2D9D692E-8EA0-4120-8DFC-7F1185E74DBF}.Ad-Hoc|x86.ActiveCfg = Release|Any CPU
		{2D9D692E-8EA0-4120-8DFC-7F1185E74DBF}.Ad-Hoc|x86.Build.0 = Release|Any CPU
		{2D9D692E-8EA0-4120-8DFC-7F1185E74DBF}.Ad-Hoc|x86.Deploy.0 = Release|Any CPU
		{2D9D692E-8EA0-4120-8DFC-7F1185E74DBF}.AppStore|Any CPU.ActiveCfg = Release|Any CPU
		{2D9D692E-8EA0-4120-8DFC-7F1185E74DBF}.AppStore|Any CPU.Build.0 = Release|Any CPU
		{2D9D692E-8EA0-4120-8DFC-7F1185E74DBF}.AppStore|Any CPU.Deploy.0 = Release|Any CPU
		{2D9D692E-8EA0-4120-8DFC-7F1185E74DBF}.AppStore|ARM.ActiveCfg = Release|Any CPU
		{2D9D692E-8EA0-4120-8DFC-7F1185E74DBF}.AppStore|ARM.Build.0 = Release|Any CPU
		{2D9D692E-8EA0-4120-8DFC-7F1185E74DBF}.AppStore|ARM.Deploy.0 = Release|Any CPU
		{2D9D692E-8EA0-4120-8DFC-7F1185E74DBF}.AppStore|iPhone.ActiveCfg = Release|Any CPU
		{2D9D692E-8EA0-4120-8DFC-7F1185E74DBF}.AppStore|iPhone.Build.0 = Release|Any CPU
		{2D9D692E-8EA0-4120-8DFC-7F1185E74DBF}.AppStore|iPhone.Deploy.0 = Release|Any CPU
		{2D9D692E-8EA0-4120-8DFC-7F1185E74DBF}.AppStore|iPhoneSimulator.ActiveCfg = Release|Any CPU
		{2D9D692E-8EA0-4120-8DFC-7F1185E74DBF}.AppStore|iPhoneSimulator.Build.0 = Release|Any CPU
		{2D9D692E-8EA0-4120-8DFC-7F1185E74DBF}.AppStore|iPhoneSimulator.Deploy.0 = Release|Any CPU
		{2D9D692E-8EA0-4120-8DFC-7F1185E74DBF}.AppStore|x86.ActiveCfg = Release|Any CPU
		{2D9D692E-8EA0-4120-8DFC-7F1185E74DBF}.AppStore|x86.Build.0 = Release|Any CPU
		{2D9D692E-8EA0-4120-8DFC-7F1185E74DBF}.AppStore|x86.Deploy.0 = Release|Any CPU
		{2D9D692E-8EA0-4120-8DFC-7F1185E74DBF}.Debug|Any CPU.ActiveCfg = Debug|Any CPU
		{2D9D692E-8EA0-4120-8DFC-7F1185E74DBF}.Debug|Any CPU.Build.0 = Debug|Any CPU
		{2D9D692E-8EA0-4120-8DFC-7F1185E74DBF}.Debug|Any CPU.Deploy.0 = Debug|Any CPU
		{2D9D692E-8EA0-4120-8DFC-7F1185E74DBF}.Debug|ARM.ActiveCfg = Debug|Any CPU
		{2D9D692E-8EA0-4120-8DFC-7F1185E74DBF}.Debug|ARM.Build.0 = Debug|Any CPU
		{2D9D692E-8EA0-4120-8DFC-7F1185E74DBF}.Debug|ARM.Deploy.0 = Debug|Any CPU
		{2D9D692E-8EA0-4120-8DFC-7F1185E74DBF}.Debug|iPhone.ActiveCfg = Debug|Any CPU
		{2D9D692E-8EA0-4120-8DFC-7F1185E74DBF}.Debug|iPhone.Build.0 = Debug|Any CPU
		{2D9D692E-8EA0-4120-8DFC-7F1185E74DBF}.Debug|iPhone.Deploy.0 = Debug|Any CPU
		{2D9D692E-8EA0-4120-8DFC-7F1185E74DBF}.Debug|iPhoneSimulator.ActiveCfg = Debug|Any CPU
		{2D9D692E-8EA0-4120-8DFC-7F1185E74DBF}.Debug|iPhoneSimulator.Build.0 = Debug|Any CPU
		{2D9D692E-8EA0-4120-8DFC-7F1185E74DBF}.Debug|iPhoneSimulator.Deploy.0 = Debug|Any CPU
		{2D9D692E-8EA0-4120-8DFC-7F1185E74DBF}.Debug|x86.ActiveCfg = Debug|Any CPU
		{2D9D692E-8EA0-4120-8DFC-7F1185E74DBF}.Release|Any CPU.ActiveCfg = Release|Any CPU
		{2D9D692E-8EA0-4120-8DFC-7F1185E74DBF}.Release|Any CPU.Build.0 = Release|Any CPU
		{2D9D692E-8EA0-4120-8DFC-7F1185E74DBF}.Release|Any CPU.Deploy.0 = Release|Any CPU
		{2D9D692E-8EA0-4120-8DFC-7F1185E74DBF}.Release|ARM.ActiveCfg = Release|Any CPU
		{2D9D692E-8EA0-4120-8DFC-7F1185E74DBF}.Release|ARM.Build.0 = Release|Any CPU
		{2D9D692E-8EA0-4120-8DFC-7F1185E74DBF}.Release|ARM.Deploy.0 = Release|Any CPU
		{2D9D692E-8EA0-4120-8DFC-7F1185E74DBF}.Release|iPhone.ActiveCfg = Release|Any CPU
		{2D9D692E-8EA0-4120-8DFC-7F1185E74DBF}.Release|iPhone.Build.0 = Release|Any CPU
		{2D9D692E-8EA0-4120-8DFC-7F1185E74DBF}.Release|iPhone.Deploy.0 = Release|Any CPU
		{2D9D692E-8EA0-4120-8DFC-7F1185E74DBF}.Release|iPhoneSimulator.ActiveCfg = Release|Any CPU
		{2D9D692E-8EA0-4120-8DFC-7F1185E74DBF}.Release|iPhoneSimulator.Build.0 = Release|Any CPU
		{2D9D692E-8EA0-4120-8DFC-7F1185E74DBF}.Release|iPhoneSimulator.Deploy.0 = Release|Any CPU
		{2D9D692E-8EA0-4120-8DFC-7F1185E74DBF}.Release|x86.ActiveCfg = Release|Any CPU
		{2D9D692E-8EA0-4120-8DFC-7F1185E74DBF}.Release|x86.Build.0 = Release|Any CPU
		{2D9D692E-8EA0-4120-8DFC-7F1185E74DBF}.Release|x86.Deploy.0 = Release|Any CPU
		{D63190B6-8916-4320-AE09-858151B4AB67}.Ad-Hoc|Any CPU.ActiveCfg = Ad-Hoc|iPhone
		{D63190B6-8916-4320-AE09-858151B4AB67}.Ad-Hoc|ARM.ActiveCfg = Ad-Hoc|iPhone
		{D63190B6-8916-4320-AE09-858151B4AB67}.Ad-Hoc|iPhone.ActiveCfg = Ad-Hoc|iPhone
		{D63190B6-8916-4320-AE09-858151B4AB67}.Ad-Hoc|iPhone.Build.0 = Ad-Hoc|iPhone
		{D63190B6-8916-4320-AE09-858151B4AB67}.Ad-Hoc|iPhoneSimulator.ActiveCfg = Ad-Hoc|iPhoneSimulator
		{D63190B6-8916-4320-AE09-858151B4AB67}.Ad-Hoc|iPhoneSimulator.Build.0 = Ad-Hoc|iPhoneSimulator
		{D63190B6-8916-4320-AE09-858151B4AB67}.Ad-Hoc|x86.ActiveCfg = Ad-Hoc|iPhone
		{D63190B6-8916-4320-AE09-858151B4AB67}.AppStore|Any CPU.ActiveCfg = AppStore|iPhone
		{D63190B6-8916-4320-AE09-858151B4AB67}.AppStore|ARM.ActiveCfg = AppStore|iPhone
		{D63190B6-8916-4320-AE09-858151B4AB67}.AppStore|iPhone.ActiveCfg = AppStore|iPhone
		{D63190B6-8916-4320-AE09-858151B4AB67}.AppStore|iPhone.Build.0 = AppStore|iPhone
		{D63190B6-8916-4320-AE09-858151B4AB67}.AppStore|iPhoneSimulator.ActiveCfg = AppStore|iPhoneSimulator
		{D63190B6-8916-4320-AE09-858151B4AB67}.AppStore|iPhoneSimulator.Build.0 = AppStore|iPhoneSimulator
		{D63190B6-8916-4320-AE09-858151B4AB67}.AppStore|x86.ActiveCfg = AppStore|iPhone
		{D63190B6-8916-4320-AE09-858151B4AB67}.Debug|Any CPU.ActiveCfg = Debug|iPhone
		{D63190B6-8916-4320-AE09-858151B4AB67}.Debug|ARM.ActiveCfg = Debug|iPhone
		{D63190B6-8916-4320-AE09-858151B4AB67}.Debug|iPhone.ActiveCfg = Debug|iPhone
		{D63190B6-8916-4320-AE09-858151B4AB67}.Debug|iPhone.Build.0 = Debug|iPhone
		{D63190B6-8916-4320-AE09-858151B4AB67}.Debug|iPhoneSimulator.ActiveCfg = Debug|iPhoneSimulator
		{D63190B6-8916-4320-AE09-858151B4AB67}.Debug|iPhoneSimulator.Build.0 = Debug|iPhoneSimulator
		{D63190B6-8916-4320-AE09-858151B4AB67}.Debug|x86.ActiveCfg = Debug|iPhone
		{D63190B6-8916-4320-AE09-858151B4AB67}.Release|Any CPU.ActiveCfg = Release|iPhone
		{D63190B6-8916-4320-AE09-858151B4AB67}.Release|ARM.ActiveCfg = Release|iPhone
		{D63190B6-8916-4320-AE09-858151B4AB67}.Release|iPhone.ActiveCfg = Release|iPhone
		{D63190B6-8916-4320-AE09-858151B4AB67}.Release|iPhone.Build.0 = Release|iPhone
		{D63190B6-8916-4320-AE09-858151B4AB67}.Release|iPhoneSimulator.ActiveCfg = Release|iPhoneSimulator
		{D63190B6-8916-4320-AE09-858151B4AB67}.Release|iPhoneSimulator.Build.0 = Release|iPhoneSimulator
		{D63190B6-8916-4320-AE09-858151B4AB67}.Release|x86.ActiveCfg = Release|iPhone
		{2F55EA1C-3104-4EE2-AC8F-1F7EFF840579}.Ad-Hoc|Any CPU.ActiveCfg = Release|Any CPU
		{2F55EA1C-3104-4EE2-AC8F-1F7EFF840579}.Ad-Hoc|Any CPU.Build.0 = Release|Any CPU
		{2F55EA1C-3104-4EE2-AC8F-1F7EFF840579}.Ad-Hoc|Any CPU.Deploy.0 = Release|Any CPU
		{2F55EA1C-3104-4EE2-AC8F-1F7EFF840579}.Ad-Hoc|ARM.ActiveCfg = Release|ARM
		{2F55EA1C-3104-4EE2-AC8F-1F7EFF840579}.Ad-Hoc|ARM.Build.0 = Release|ARM
		{2F55EA1C-3104-4EE2-AC8F-1F7EFF840579}.Ad-Hoc|ARM.Deploy.0 = Release|ARM
		{2F55EA1C-3104-4EE2-AC8F-1F7EFF840579}.Ad-Hoc|iPhone.ActiveCfg = Release|Any CPU
		{2F55EA1C-3104-4EE2-AC8F-1F7EFF840579}.Ad-Hoc|iPhone.Build.0 = Release|Any CPU
		{2F55EA1C-3104-4EE2-AC8F-1F7EFF840579}.Ad-Hoc|iPhone.Deploy.0 = Release|Any CPU
		{2F55EA1C-3104-4EE2-AC8F-1F7EFF840579}.Ad-Hoc|iPhoneSimulator.ActiveCfg = Release|Any CPU
		{2F55EA1C-3104-4EE2-AC8F-1F7EFF840579}.Ad-Hoc|iPhoneSimulator.Build.0 = Release|Any CPU
		{2F55EA1C-3104-4EE2-AC8F-1F7EFF840579}.Ad-Hoc|iPhoneSimulator.Deploy.0 = Release|Any CPU
		{2F55EA1C-3104-4EE2-AC8F-1F7EFF840579}.Ad-Hoc|x86.ActiveCfg = Release|x86
		{2F55EA1C-3104-4EE2-AC8F-1F7EFF840579}.Ad-Hoc|x86.Build.0 = Release|x86
		{2F55EA1C-3104-4EE2-AC8F-1F7EFF840579}.Ad-Hoc|x86.Deploy.0 = Release|x86
		{2F55EA1C-3104-4EE2-AC8F-1F7EFF840579}.AppStore|Any CPU.ActiveCfg = Release|Any CPU
		{2F55EA1C-3104-4EE2-AC8F-1F7EFF840579}.AppStore|Any CPU.Build.0 = Release|Any CPU
		{2F55EA1C-3104-4EE2-AC8F-1F7EFF840579}.AppStore|Any CPU.Deploy.0 = Release|Any CPU
		{2F55EA1C-3104-4EE2-AC8F-1F7EFF840579}.AppStore|ARM.ActiveCfg = Release|ARM
		{2F55EA1C-3104-4EE2-AC8F-1F7EFF840579}.AppStore|ARM.Build.0 = Release|ARM
		{2F55EA1C-3104-4EE2-AC8F-1F7EFF840579}.AppStore|ARM.Deploy.0 = Release|ARM
		{2F55EA1C-3104-4EE2-AC8F-1F7EFF840579}.AppStore|iPhone.ActiveCfg = Release|Any CPU
		{2F55EA1C-3104-4EE2-AC8F-1F7EFF840579}.AppStore|iPhone.Build.0 = Release|Any CPU
		{2F55EA1C-3104-4EE2-AC8F-1F7EFF840579}.AppStore|iPhone.Deploy.0 = Release|Any CPU
		{2F55EA1C-3104-4EE2-AC8F-1F7EFF840579}.AppStore|iPhoneSimulator.ActiveCfg = Release|Any CPU
		{2F55EA1C-3104-4EE2-AC8F-1F7EFF840579}.AppStore|iPhoneSimulator.Build.0 = Release|Any CPU
		{2F55EA1C-3104-4EE2-AC8F-1F7EFF840579}.AppStore|iPhoneSimulator.Deploy.0 = Release|Any CPU
		{2F55EA1C-3104-4EE2-AC8F-1F7EFF840579}.AppStore|x86.ActiveCfg = Release|x86
		{2F55EA1C-3104-4EE2-AC8F-1F7EFF840579}.AppStore|x86.Build.0 = Release|x86
		{2F55EA1C-3104-4EE2-AC8F-1F7EFF840579}.AppStore|x86.Deploy.0 = Release|x86
		{2F55EA1C-3104-4EE2-AC8F-1F7EFF840579}.Debug|Any CPU.ActiveCfg = Debug|Any CPU
		{2F55EA1C-3104-4EE2-AC8F-1F7EFF840579}.Debug|Any CPU.Build.0 = Debug|Any CPU
		{2F55EA1C-3104-4EE2-AC8F-1F7EFF840579}.Debug|Any CPU.Deploy.0 = Debug|Any CPU
		{2F55EA1C-3104-4EE2-AC8F-1F7EFF840579}.Debug|ARM.ActiveCfg = Debug|ARM
		{2F55EA1C-3104-4EE2-AC8F-1F7EFF840579}.Debug|iPhone.ActiveCfg = Debug|Any CPU
		{2F55EA1C-3104-4EE2-AC8F-1F7EFF840579}.Debug|iPhone.Build.0 = Debug|Any CPU
		{2F55EA1C-3104-4EE2-AC8F-1F7EFF840579}.Debug|iPhone.Deploy.0 = Debug|Any CPU
		{2F55EA1C-3104-4EE2-AC8F-1F7EFF840579}.Debug|iPhoneSimulator.ActiveCfg = Debug|Any CPU
		{2F55EA1C-3104-4EE2-AC8F-1F7EFF840579}.Debug|iPhoneSimulator.Build.0 = Debug|Any CPU
		{2F55EA1C-3104-4EE2-AC8F-1F7EFF840579}.Debug|iPhoneSimulator.Deploy.0 = Debug|Any CPU
		{2F55EA1C-3104-4EE2-AC8F-1F7EFF840579}.Debug|x86.ActiveCfg = Debug|x86
		{2F55EA1C-3104-4EE2-AC8F-1F7EFF840579}.Debug|x86.Build.0 = Debug|x86
		{2F55EA1C-3104-4EE2-AC8F-1F7EFF840579}.Debug|x86.Deploy.0 = Debug|x86
		{2F55EA1C-3104-4EE2-AC8F-1F7EFF840579}.Release|Any CPU.ActiveCfg = Release|Any CPU
		{2F55EA1C-3104-4EE2-AC8F-1F7EFF840579}.Release|Any CPU.Build.0 = Release|Any CPU
		{2F55EA1C-3104-4EE2-AC8F-1F7EFF840579}.Release|Any CPU.Deploy.0 = Release|Any CPU
		{2F55EA1C-3104-4EE2-AC8F-1F7EFF840579}.Release|ARM.ActiveCfg = Release|ARM
		{2F55EA1C-3104-4EE2-AC8F-1F7EFF840579}.Release|ARM.Build.0 = Release|ARM
		{2F55EA1C-3104-4EE2-AC8F-1F7EFF840579}.Release|ARM.Deploy.0 = Release|ARM
		{2F55EA1C-3104-4EE2-AC8F-1F7EFF840579}.Release|iPhone.ActiveCfg = Release|Any CPU
		{2F55EA1C-3104-4EE2-AC8F-1F7EFF840579}.Release|iPhone.Build.0 = Release|Any CPU
		{2F55EA1C-3104-4EE2-AC8F-1F7EFF840579}.Release|iPhone.Deploy.0 = Release|Any CPU
		{2F55EA1C-3104-4EE2-AC8F-1F7EFF840579}.Release|iPhoneSimulator.ActiveCfg = Release|Any CPU
		{2F55EA1C-3104-4EE2-AC8F-1F7EFF840579}.Release|iPhoneSimulator.Build.0 = Release|Any CPU
		{2F55EA1C-3104-4EE2-AC8F-1F7EFF840579}.Release|iPhoneSimulator.Deploy.0 = Release|Any CPU
		{2F55EA1C-3104-4EE2-AC8F-1F7EFF840579}.Release|x86.ActiveCfg = Release|x86
		{2F55EA1C-3104-4EE2-AC8F-1F7EFF840579}.Release|x86.Build.0 = Release|x86
		{2F55EA1C-3104-4EE2-AC8F-1F7EFF840579}.Release|x86.Deploy.0 = Release|x86
		{81EB426D-A26E-41F5-91F6-F0108D37ED26}.Ad-Hoc|Any CPU.ActiveCfg = Release|Any CPU
		{81EB426D-A26E-41F5-91F6-F0108D37ED26}.Ad-Hoc|Any CPU.Build.0 = Release|Any CPU
		{81EB426D-A26E-41F5-91F6-F0108D37ED26}.Ad-Hoc|ARM.ActiveCfg = Release|Any CPU
		{81EB426D-A26E-41F5-91F6-F0108D37ED26}.Ad-Hoc|ARM.Build.0 = Release|Any CPU
		{81EB426D-A26E-41F5-91F6-F0108D37ED26}.Ad-Hoc|iPhone.ActiveCfg = Release|Any CPU
		{81EB426D-A26E-41F5-91F6-F0108D37ED26}.Ad-Hoc|iPhone.Build.0 = Release|Any CPU
		{81EB426D-A26E-41F5-91F6-F0108D37ED26}.Ad-Hoc|iPhoneSimulator.ActiveCfg = Release|Any CPU
		{81EB426D-A26E-41F5-91F6-F0108D37ED26}.Ad-Hoc|iPhoneSimulator.Build.0 = Release|Any CPU
		{81EB426D-A26E-41F5-91F6-F0108D37ED26}.Ad-Hoc|x86.ActiveCfg = Release|Any CPU
		{81EB426D-A26E-41F5-91F6-F0108D37ED26}.Ad-Hoc|x86.Build.0 = Release|Any CPU
		{81EB426D-A26E-41F5-91F6-F0108D37ED26}.AppStore|Any CPU.ActiveCfg = Release|Any CPU
		{81EB426D-A26E-41F5-91F6-F0108D37ED26}.AppStore|Any CPU.Build.0 = Release|Any CPU
		{81EB426D-A26E-41F5-91F6-F0108D37ED26}.AppStore|ARM.ActiveCfg = Release|Any CPU
		{81EB426D-A26E-41F5-91F6-F0108D37ED26}.AppStore|ARM.Build.0 = Release|Any CPU
		{81EB426D-A26E-41F5-91F6-F0108D37ED26}.AppStore|iPhone.ActiveCfg = Release|Any CPU
		{81EB426D-A26E-41F5-91F6-F0108D37ED26}.AppStore|iPhone.Build.0 = Release|Any CPU
		{81EB426D-A26E-41F5-91F6-F0108D37ED26}.AppStore|iPhoneSimulator.ActiveCfg = Release|Any CPU
		{81EB426D-A26E-41F5-91F6-F0108D37ED26}.AppStore|iPhoneSimulator.Build.0 = Release|Any CPU
		{81EB426D-A26E-41F5-91F6-F0108D37ED26}.AppStore|x86.ActiveCfg = Release|Any CPU
		{81EB426D-A26E-41F5-91F6-F0108D37ED26}.AppStore|x86.Build.0 = Release|Any CPU
		{81EB426D-A26E-41F5-91F6-F0108D37ED26}.Debug|Any CPU.ActiveCfg = Debug|Any CPU
		{81EB426D-A26E-41F5-91F6-F0108D37ED26}.Debug|Any CPU.Build.0 = Debug|Any CPU
		{81EB426D-A26E-41F5-91F6-F0108D37ED26}.Debug|ARM.ActiveCfg = Debug|Any CPU
		{81EB426D-A26E-41F5-91F6-F0108D37ED26}.Debug|ARM.Build.0 = Debug|Any CPU
		{81EB426D-A26E-41F5-91F6-F0108D37ED26}.Debug|iPhone.ActiveCfg = Debug|Any CPU
		{81EB426D-A26E-41F5-91F6-F0108D37ED26}.Debug|iPhone.Build.0 = Debug|Any CPU
		{81EB426D-A26E-41F5-91F6-F0108D37ED26}.Debug|iPhoneSimulator.ActiveCfg = Debug|Any CPU
		{81EB426D-A26E-41F5-91F6-F0108D37ED26}.Debug|iPhoneSimulator.Build.0 = Debug|Any CPU
		{81EB426D-A26E-41F5-91F6-F0108D37ED26}.Debug|x86.ActiveCfg = Debug|Any CPU
		{81EB426D-A26E-41F5-91F6-F0108D37ED26}.Debug|x86.Build.0 = Debug|Any CPU
		{81EB426D-A26E-41F5-91F6-F0108D37ED26}.Release|Any CPU.ActiveCfg = Release|Any CPU
		{81EB426D-A26E-41F5-91F6-F0108D37ED26}.Release|Any CPU.Build.0 = Release|Any CPU
		{81EB426D-A26E-41F5-91F6-F0108D37ED26}.Release|ARM.ActiveCfg = Release|Any CPU
		{81EB426D-A26E-41F5-91F6-F0108D37ED26}.Release|ARM.Build.0 = Release|Any CPU
		{81EB426D-A26E-41F5-91F6-F0108D37ED26}.Release|iPhone.ActiveCfg = Release|Any CPU
		{81EB426D-A26E-41F5-91F6-F0108D37ED26}.Release|iPhone.Build.0 = Release|Any CPU
		{81EB426D-A26E-41F5-91F6-F0108D37ED26}.Release|iPhoneSimulator.ActiveCfg = Release|Any CPU
		{81EB426D-A26E-41F5-91F6-F0108D37ED26}.Release|iPhoneSimulator.Build.0 = Release|Any CPU
		{81EB426D-A26E-41F5-91F6-F0108D37ED26}.Release|x86.ActiveCfg = Release|Any CPU
		{81EB426D-A26E-41F5-91F6-F0108D37ED26}.Release|x86.Build.0 = Release|Any CPU
	EndGlobalSection
	GlobalSection(SolutionProperties) = preSolution
		HideSolutionNode = FALSE
	EndGlobalSection
	GlobalSection(NestedProjects) = preSolution
		{2D9D692E-8EA0-4120-8DFC-7F1185E74DBF} = {055A9D8A-C483-4030-AA0E-6727D3BFB429}
		{D63190B6-8916-4320-AE09-858151B4AB67} = {055A9D8A-C483-4030-AA0E-6727D3BFB429}
		{2F55EA1C-3104-4EE2-AC8F-1F7EFF840579} = {055A9D8A-C483-4030-AA0E-6727D3BFB429}
	EndGlobalSection
EndGlobal
